
Microsoft Visual Studio Solution File, Format Version 12.00
Project("{FAE04EC0-301F-11D3-BF4B-00C04F79EFBC}") = "create_and_run_simple_csharp_console_applications", "create_and_run_simple_csharp_console_applications\create_and_run_simple_csharp_console_applications.csproj", "{FCBA0D22-A7EA-478C-8431-1F00C0D23BFD}"
EndProject
Global
	GlobalSection(SolutionConfigurationPlatforms) = preSolution
		Debug|Any CPU = Debug|Any CPU
		Release|Any CPU = Release|Any CPU
	EndGlobalSection
	GlobalSection(ProjectConfigurationPlatforms) = postSolution
		{FCBA0D22-A7EA-478C-8431-1F00C0D23BFD}.Debug|Any CPU.ActiveCfg = Debug|Any CPU
		{FCBA0D22-A7EA-478C-8431-1F00C0D23BFD}.Debug|Any CPU.Build.0 = Debug|Any CPU
		{FCBA0D22-A7EA-478C-8431-1F00C0D23BFD}.Release|Any CPU.ActiveCfg = Release|Any CPU
		{FCBA0D22-A7EA-478C-8431-1F00C0D23BFD}.Release|Any CPU.Build.0 = Release|Any CPU
	EndGlobalSection
EndGlobal
